
Microsoft Visual Studio Solution File, Format Version 12.00
# Visual Studio Version 16
VisualStudioVersion = 16.0.29920.165
MinimumVisualStudioVersion = 10.0.40219.1
Project("{9A19103F-16F7-4668-BE54-9A1E7A4F7556}") = "Penguin.SystemExtensions", "Penguin.SystemExtensions.csproj", "{78ADCD20-2A4F-42AF-AEAD-39ED0D4D7FA3}"
EndProject
Global
	GlobalSection(SolutionConfigurationPlatforms) = preSolution
		Debug|Any CPU = Debug|Any CPU
		Release|Any CPU = Release|Any CPU
	EndGlobalSection
	GlobalSection(ProjectConfigurationPlatforms) = postSolution
		{78ADCD20-2A4F-42AF-AEAD-39ED0D4D7FA3}.Debug|Any CPU.ActiveCfg = Debug|Any CPU
		{78ADCD20-2A4F-42AF-AEAD-39ED0D4D7FA3}.Debug|Any CPU.Build.0 = Debug|Any CPU
		{78ADCD20-2A4F-42AF-AEAD-39ED0D4D7FA3}.Release|Any CPU.ActiveCfg = Release|Any CPU
		{78ADCD20-2A4F-42AF-AEAD-39ED0D4D7FA3}.Release|Any CPU.Build.0 = Release|Any CPU
	EndGlobalSection
	GlobalSection(SolutionProperties) = preSolution
		HideSolutionNode = FALSE
	EndGlobalSection
	GlobalSection(ExtensibilityGlobals) = postSolution
		SolutionGuid = {5C55FC86-9128-4F8A-B016-93709E3F8AB6}
	EndGlobalSection
EndGlobal
